
Microsoft Visual Studio Solution File, Format Version 12.00
# Visual Studio 15
VisualStudioVersion = 15.0.28307.168
MinimumVisualStudioVersion = 10.0.40219.1
Project("{9A19103F-16F7-4668-BE54-9A1E7A4F7556}") = "voidUpdate", "voidUpdate\voidUpdate.csproj", "{7103A605-6CB0-4285-B25C-80FD31049231}"
EndProject
Project("{9A19103F-16F7-4668-BE54-9A1E7A4F7556}") = "voidUpdate.Data", "voidUpdate.Data\voidUpdate.Data.csproj", "{52C45C49-1E06-45AA-AA97-FCEE0133CD72}"
EndProject
Project("{9A19103F-16F7-4668-BE54-9A1E7A4F7556}") = "voidUpdate.Service", "voidUpdate.Service\voidUpdate.Service.csproj", "{FC9A02FA-70B5-490D-945C-F0B18C0D8581}"
EndProject
Project("{FAE04EC0-301F-11D3-BF4B-00C04F79EFBC}") = "voidUpdate.Tests", "voidUpdate.Tests\voidUpdate.Tests.csproj", "{3251A442-E837-4752-BFD5-90F372A7D4EF}"
EndProject
Global
	GlobalSection(SolutionConfigurationPlatforms) = preSolution
		Debug|Any CPU = Debug|Any CPU
		Release|Any CPU = Release|Any CPU
	EndGlobalSection
	GlobalSection(ProjectConfigurationPlatforms) = postSolution
		{7103A605-6CB0-4285-B25C-80FD31049231}.Debug|Any CPU.ActiveCfg = Debug|Any CPU
		{7103A605-6CB0-4285-B25C-80FD31049231}.Debug|Any CPU.Build.0 = Debug|Any CPU
		{7103A605-6CB0-4285-B25C-80FD31049231}.Release|Any CPU.ActiveCfg = Release|Any CPU
		{7103A605-6CB0-4285-B25C-80FD31049231}.Release|Any CPU.Build.0 = Release|Any CPU
		{52C45C49-1E06-45AA-AA97-FCEE0133CD72}.Debug|Any CPU.ActiveCfg = Debug|Any CPU
		{52C45C49-1E06-45AA-AA97-FCEE0133CD72}.Debug|Any CPU.Build.0 = Debug|Any CPU
		{52C45C49-1E06-45AA-AA97-FCEE0133CD72}.Release|Any CPU.ActiveCfg = Release|Any CPU
		{52C45C49-1E06-45AA-AA97-FCEE0133CD72}.Release|Any CPU.Build.0 = Release|Any CPU
		{FC9A02FA-70B5-490D-945C-F0B18C0D8581}.Debug|Any CPU.ActiveCfg = Debug|Any CPU
		{FC9A02FA-70B5-490D-945C-F0B18C0D8581}.Debug|Any CPU.Build.0 = Debug|Any CPU
		{FC9A02FA-70B5-490D-945C-F0B18C0D8581}.Release|Any CPU.ActiveCfg = Release|Any CPU
		{FC9A02FA-70B5-490D-945C-F0B18C0D8581}.Release|Any CPU.Build.0 = Release|Any CPU
		{3251A442-E837-4752-BFD5-90F372A7D4EF}.Debug|Any CPU.ActiveCfg = Debug|Any CPU
		{3251A442-E837-4752-BFD5-90F372A7D4EF}.Debug|Any CPU.Build.0 = Debug|Any CPU
		{3251A442-E837-4752-BFD5-90F372A7D4EF}.Release|Any CPU.ActiveCfg = Release|Any CPU
		{3251A442-E837-4752-BFD5-90F372A7D4EF}.Release|Any CPU.Build.0 = Release|Any CPU
	EndGlobalSection
	GlobalSection(SolutionProperties) = preSolution
		HideSolutionNode = FALSE
	EndGlobalSection
	GlobalSection(ExtensibilityGlobals) = postSolution
		SolutionGuid = {CCA8AC09-A832-4DD7-AE39-23909688484B}
	EndGlobalSection
EndGlobal
